PODS:
  - ALVersionControl (0.1.0)
  - FBSnapshotTestCase (2.1.4):
    - FBSnapshotTestCase/SwiftSupport (= 2.1.4)
  - FBSnapshotTestCase/Core (2.1.4)
  - FBSnapshotTestCase/SwiftSupport (2.1.4):
    - FBSnapshotTestCase/Core

DEPENDENCIES:
  - ALVersionControl (from `../`)
  - FBSnapshotTestCase (~> 2.1.4)

SPEC REPOS:
  trunk:
    - FBSnapshotTestCase

EXTERNAL SOURCES:
  ALVersionControl:
    :path: "../"

SPEC CHECKSUMS:
  ALVersionControl: b4d1e0d4a03a2f6b928b4e7bffb892514848736e
  FBSnapshotTestCase: 094f9f314decbabe373b87cc339bea235a63e07a

PODFILE CHECKSUM: 68f44de4047a35c8791fcc09134dbc8dbc19cb4b

COCOAPODS: 1.9.0
